
Microsoft Visual Studio Solution File, Format Version 12.00
# Visual Studio Version 16
VisualStudioVersion = 16.0.32929.386
MinimumVisualStudioVersion = 10.0.40219.1
Project("{8BC9CEB8-8B4A-11D0-8D11-00A0C91BC942}") = "BST_ClassBased", "BST_ClassBased\BST_ClassBased.vcxproj", "{CBED84BA-F91B-4762-BC9B-9701D8BFBDD6}"
EndProject
Global
	GlobalSection(SolutionConfigurationPlatforms) = preSolution
		Debug|x64 = Debug|x64
		Debug|x86 = Debug|x86
		Release|x64 = Release|x64
		Release|x86 = Release|x86
	EndGlobalSection
	GlobalSection(ProjectConfigurationPlatforms) = postSolution
		{CBED84BA-F91B-4762-BC9B-9701D8BFBDD6}.Debug|x64.ActiveCfg = Debug|x64
		{CBED84BA-F91B-4762-BC9B-9701D8BFBDD6}.Debug|x64.Build.0 = Debug|x64
		{CBED84BA-F91B-4762-BC9B-9701D8BFBDD6}.Debug|x86.ActiveCfg = Debug|Win32
		{CBED84BA-F91B-4762-BC9B-9701D8BFBDD6}.Debug|x86.Build.0 = Debug|Win32
		{CBED84BA-F91B-4762-BC9B-9701D8BFBDD6}.Release|x64.ActiveCfg = Release|x64
		{CBED84BA-F91B-4762-BC9B-9701D8BFBDD6}.Release|x64.Build.0 = Release|x64
		{CBED84BA-F91B-4762-BC9B-9701D8BFBDD6}.Release|x86.ActiveCfg = Release|Win32
		{CBED84BA-F91B-4762-BC9B-9701D8BFBDD6}.Release|x86.Build.0 = Release|Win32
	EndGlobalSection
	GlobalSection(SolutionProperties) = preSolution
		HideSolutionNode = FALSE
	EndGlobalSection
	GlobalSection(ExtensibilityGlobals) = postSolution
		SolutionGuid = {6E1494B9-C1E6-4115-8465-A8DEE33AAC21}
	EndGlobalSection
EndGlobal
